
Microsoft Visual Studio Solution File, Format Version 12.00
# Visual Studio Version 17
VisualStudioVersion = 17.11.35327.3
MinimumVisualStudioVersion = 10.0.40219.1
Project("{FAE04EC0-301F-11D3-BF4B-00C04F79EFBC}") = "Exercise1", "Exercise1.csproj", "{3F87C42A-53B2-4A98-AD8F-61F51EE3CF0E}"
EndProject
Project("{FAE04EC0-301F-11D3-BF4B-00C04F79EFBC}") = "Exercise2", "..\Exercise2\Exercise2.csproj", "{DAD5DB61-3690-4E61-890A-F6BAE618F9F3}"
EndProject
Project("{FAE04EC0-301F-11D3-BF4B-00C04F79EFBC}") = "Exercise3", "..\Exercise3\Exercise3.csproj", "{6477AE29-D3A1-4F00-8925-50EDB50FE4D5}"
EndProject
Project("{FAE04EC0-301F-11D3-BF4B-00C04F79EFBC}") = "Exercise4", "..\Exercise4\Exercise4.csproj", "{5C0D752E-5FE1-4139-B3B5-9C24CF1E08B2}"
EndProject
Global
	GlobalSection(SolutionConfigurationPlatforms) = preSolution
		Debug|Any CPU = Debug|Any CPU
		Release|Any CPU = Release|Any CPU
	EndGlobalSection
	GlobalSection(ProjectConfigurationPlatforms) = postSolution
		{3F87C42A-53B2-4A98-AD8F-61F51EE3CF0E}.Debug|Any CPU.ActiveCfg = Debug|Any CPU
		{3F87C42A-53B2-4A98-AD8F-61F51EE3CF0E}.Debug|Any CPU.Build.0 = Debug|Any CPU
		{3F87C42A-53B2-4A98-AD8F-61F51EE3CF0E}.Release|Any CPU.ActiveCfg = Release|Any CPU
		{3F87C42A-53B2-4A98-AD8F-61F51EE3CF0E}.Release|Any CPU.Build.0 = Release|Any CPU
		{DAD5DB61-3690-4E61-890A-F6BAE618F9F3}.Debug|Any CPU.ActiveCfg = Debug|Any CPU
		{DAD5DB61-3690-4E61-890A-F6BAE618F9F3}.Debug|Any CPU.Build.0 = Debug|Any CPU
		{DAD5DB61-3690-4E61-890A-F6BAE618F9F3}.Release|Any CPU.ActiveCfg = Release|Any CPU
		{DAD5DB61-3690-4E61-890A-F6BAE618F9F3}.Release|Any CPU.Build.0 = Release|Any CPU
		{6477AE29-D3A1-4F00-8925-50EDB50FE4D5}.Debug|Any CPU.ActiveCfg = Debug|Any CPU
		{6477AE29-D3A1-4F00-8925-50EDB50FE4D5}.Debug|Any CPU.Build.0 = Debug|Any CPU
		{6477AE29-D3A1-4F00-8925-50EDB50FE4D5}.Release|Any CPU.ActiveCfg = Release|Any CPU
		{6477AE29-D3A1-4F00-8925-50EDB50FE4D5}.Release|Any CPU.Build.0 = Release|Any CPU
		{5C0D752E-5FE1-4139-B3B5-9C24CF1E08B2}.Debug|Any CPU.ActiveCfg = Debug|Any CPU
		{5C0D752E-5FE1-4139-B3B5-9C24CF1E08B2}.Debug|Any CPU.Build.0 = Debug|Any CPU
		{5C0D752E-5FE1-4139-B3B5-9C24CF1E08B2}.Release|Any CPU.ActiveCfg = Release|Any CPU
		{5C0D752E-5FE1-4139-B3B5-9C24CF1E08B2}.Release|Any CPU.Build.0 = Release|Any CPU
	EndGlobalSection
	GlobalSection(SolutionProperties) = preSolution
		HideSolutionNode = FALSE
	EndGlobalSection
	GlobalSection(ExtensibilityGlobals) = postSolution
		SolutionGuid = {92D03D61-1E77-4591-9756-FAE1D36F8AF5}
	EndGlobalSection
EndGlobal
