
Microsoft Visual Studio Solution File, Format Version 12.00
# Visual Studio Version 17
VisualStudioVersion = 17.11.35327.3
MinimumVisualStudioVersion = 10.0.40219.1
Project("{FAE04EC0-301F-11D3-BF4B-00C04F79EFBC}") = "Exerise1", "Exerise1\Exerise1.csproj", "{9538BC68-BA8D-4AD5-915B-BCE4E1B2F46A}"
EndProject
Project("{FAE04EC0-301F-11D3-BF4B-00C04F79EFBC}") = "Exercise2", "Exercise2\Exercise2.csproj", "{13F18CDC-7906-46B0-BB1B-7B4C104F0157}"
EndProject
Project("{FAE04EC0-301F-11D3-BF4B-00C04F79EFBC}") = "Exercise3", "Exercise3\Exercise3.csproj", "{8B569229-B98C-4AB4-B451-483CBA36537E}"
EndProject
Project("{FAE04EC0-301F-11D3-BF4B-00C04F79EFBC}") = "Exersice4", "Exersice4\Exersice4.csproj", "{4806242B-A925-4233-AC55-67746AD8A2A1}"
EndProject
Project("{FAE04EC0-301F-11D3-BF4B-00C04F79EFBC}") = "Exercise5", "Exercise5\Exercise5.csproj", "{BF147BF4-91AF-4C98-AB06-0C0BD3A06F9F}"
EndProject
Global
	GlobalSection(SolutionConfigurationPlatforms) = preSolution
		Debug|Any CPU = Debug|Any CPU
		Release|Any CPU = Release|Any CPU
	EndGlobalSection
	GlobalSection(ProjectConfigurationPlatforms) = postSolution
		{9538BC68-BA8D-4AD5-915B-BCE4E1B2F46A}.Debug|Any CPU.ActiveCfg = Debug|Any CPU
		{9538BC68-BA8D-4AD5-915B-BCE4E1B2F46A}.Debug|Any CPU.Build.0 = Debug|Any CPU
		{9538BC68-BA8D-4AD5-915B-BCE4E1B2F46A}.Release|Any CPU.ActiveCfg = Release|Any CPU
		{9538BC68-BA8D-4AD5-915B-BCE4E1B2F46A}.Release|Any CPU.Build.0 = Release|Any CPU
		{13F18CDC-7906-46B0-BB1B-7B4C104F0157}.Debug|Any CPU.ActiveCfg = Debug|Any CPU
		{13F18CDC-7906-46B0-BB1B-7B4C104F0157}.Debug|Any CPU.Build.0 = Debug|Any CPU
		{13F18CDC-7906-46B0-BB1B-7B4C104F0157}.Release|Any CPU.ActiveCfg = Release|Any CPU
		{13F18CDC-7906-46B0-BB1B-7B4C104F0157}.Release|Any CPU.Build.0 = Release|Any CPU
		{8B569229-B98C-4AB4-B451-483CBA36537E}.Debug|Any CPU.ActiveCfg = Debug|Any CPU
		{8B569229-B98C-4AB4-B451-483CBA36537E}.Debug|Any CPU.Build.0 = Debug|Any CPU
		{8B569229-B98C-4AB4-B451-483CBA36537E}.Release|Any CPU.ActiveCfg = Release|Any CPU
		{8B569229-B98C-4AB4-B451-483CBA36537E}.Release|Any CPU.Build.0 = Release|Any CPU
		{4806242B-A925-4233-AC55-67746AD8A2A1}.Debug|Any CPU.ActiveCfg = Debug|Any CPU
		{4806242B-A925-4233-AC55-67746AD8A2A1}.Debug|Any CPU.Build.0 = Debug|Any CPU
		{4806242B-A925-4233-AC55-67746AD8A2A1}.Release|Any CPU.ActiveCfg = Release|Any CPU
		{4806242B-A925-4233-AC55-67746AD8A2A1}.Release|Any CPU.Build.0 = Release|Any CPU
		{BF147BF4-91AF-4C98-AB06-0C0BD3A06F9F}.Debug|Any CPU.ActiveCfg = Debug|Any CPU
		{BF147BF4-91AF-4C98-AB06-0C0BD3A06F9F}.Debug|Any CPU.Build.0 = Debug|Any CPU
		{BF147BF4-91AF-4C98-AB06-0C0BD3A06F9F}.Release|Any CPU.ActiveCfg = Release|Any CPU
		{BF147BF4-91AF-4C98-AB06-0C0BD3A06F9F}.Release|Any CPU.Build.0 = Release|Any CPU
	EndGlobalSection
	GlobalSection(SolutionProperties) = preSolution
		HideSolutionNode = FALSE
	EndGlobalSection
	GlobalSection(ExtensibilityGlobals) = postSolution
		SolutionGuid = {97208ABD-D8E0-4904-BB8A-F864EBC2AA8F}
	EndGlobalSection
EndGlobal
