
Microsoft Visual Studio Solution File, Format Version 12.00
# Visual Studio Version 17
VisualStudioVersion = 17.11.35327.3
MinimumVisualStudioVersion = 10.0.40219.1
Project("{FAE04EC0-301F-11D3-BF4B-00C04F79EFBC}") = "trainingCenter", "trainingCenter\trainingCenter.csproj", "{117EE501-3843-4916-8025-D039CE27D276}"
EndProject
Global
	GlobalSection(SolutionConfigurationPlatforms) = preSolution
		Debug|Any CPU = Debug|Any CPU
		Release|Any CPU = Release|Any CPU
	EndGlobalSection
	GlobalSection(ProjectConfigurationPlatforms) = postSolution
		{117EE501-3843-4916-8025-D039CE27D276}.Debug|Any CPU.ActiveCfg = Debug|Any CPU
		{117EE501-3843-4916-8025-D039CE27D276}.Debug|Any CPU.Build.0 = Debug|Any CPU
		{117EE501-3843-4916-8025-D039CE27D276}.Release|Any CPU.ActiveCfg = Release|Any CPU
		{117EE501-3843-4916-8025-D039CE27D276}.Release|Any CPU.Build.0 = Release|Any CPU
	EndGlobalSection
	GlobalSection(SolutionProperties) = preSolution
		HideSolutionNode = FALSE
	EndGlobalSection
	GlobalSection(ExtensibilityGlobals) = postSolution
		SolutionGuid = {075719B6-066F-43FA-9EE3-BC279643CA32}
	EndGlobalSection
EndGlobal
